// !$*UTF8*$!
{
	archiveVersion = 1;
	classes = {
	};
	objectVersion = 56;
	objects = {

/* Begin PBXBuildFile section */
		D200891E2A2DD27D00D9C7C4 /* AppDelegate.swift in Sources */ = {isa = PBXBuildFile; fileRef = D200891D2A2DD27D00D9C7C4 /* AppDelegate.swift */; };
		D20089202A2DD27D00D9C7C4 /* art.scnassets in Resources */ = {isa = PBXBuildFile; fileRef = D200891F2A2DD27D00D9C7C4 /* art.scnassets */; };
		D20089222A2DD27D00D9C7C4 /* ViewController.swift in Sources */ = {isa = PBXBuildFile; fileRef = D20089212A2DD27D00D9C7C4 /* ViewController.swift */; };
		D20089252A2DD27D00D9C7C4 /* Main.storyboard in Resources */ = {isa = PBXBuildFile; fileRef = D20089232A2DD27D00D9C7C4 /* Main.storyboard */; };
		D20089272A2DD27E00D9C7C4 /* Assets.xcassets in Resources */ = {isa = PBXBuildFile; fileRef = D20089262A2DD27E00D9C7C4 /* Assets.xcassets */; };
		D200892A2A2DD27E00D9C7C4 /* LaunchScreen.storyboard in Resources */ = {isa = PBXBuildFile; fileRef = D20089282A2DD27E00D9C7C4 /* LaunchScreen.storyboard */; };
		D20089342A2DD27E00D9C7C4 /* AR_Practice2Tests.swift in Sources */ = {isa = PBXBuildFile; fileRef = D20089332A2DD27E00D9C7C4 /* AR_Practice2Tests.swift */; };
		D200893E2A2DD27E00D9C7C4 /* AR_Practice2UITests.swift in Sources */ = {isa = PBXBuildFile; fileRef = D200893D2A2DD27E00D9C7C4 /* AR_Practice2UITests.swift */; };
		D20089402A2DD27E00D9C7C4 /* AR_Practice2UITestsLaunchTests.swift in Sources */ = {isa = PBXBuildFile; fileRef = D200893F2A2DD27E00D9C7C4 /* AR_Practice2UITestsLaunchTests.swift */; };
/* End PBXBuildFile section */

/* Begin PBXContainerItemProxy section */
		D20089302A2DD27E00D9C7C4 /* PBXContainerItemProxy */ = {
			isa = PBXContainerItemProxy;
			containerPortal = D20089122A2DD27C00D9C7C4 /* Project object */;
			proxyType = 1;
			remoteGlobalIDString = D20089192A2DD27C00D9C7C4;
			remoteInfo = AR_Practice2;
		};
		D200893A2A2DD27E00D9C7C4 /* PBXContainerItemProxy */ = {
			isa = PBXContainerItemProxy;
			containerPortal = D20089122A2DD27C00D9C7C4 /* Project object */;
			proxyType = 1;
			remoteGlobalIDString = D20089192A2DD27C00D9C7C4;
			remoteInfo = AR_Practice2;
		};
/* End PBXContainerItemProxy section */

/* Begin PBXFileReference section */
		D200891A2A2DD27C00D9C7C4 /* AR_Practice2.app */ = {isa = PBXFileReference; explicitFileType = wrapper.application; includeInIndex = 0; path = AR_Practice2.app; sourceTree = BUILT_PRODUCTS_DIR; };
		D200891D2A2DD27D00D9C7C4 /* AppDelegate.swift */ = {isa = PBXFileReference; lastKnownFileType = sourcecode.swift; path = AppDelegate.swift; sourceTree = "<group>"; };
		D200891F2A2DD27D00D9C7C4 /* art.scnassets */ = {isa = PBXFileReference; lastKnownFileType = wrapper.scnassets; path = art.scnassets; sourceTree = "<group>"; };
		D20089212A2DD27D00D9C7C4 /* ViewController.swift */ = {isa = PBXFileReference; lastKnownFileType = sourcecode.swift; path = ViewController.swift; sourceTree = "<group>"; };
		D20089242A2DD27D00D9C7C4 /* Base */ = {isa = PBXFileReference; lastKnownFileType = file.storyboard; name = Base; path = Base.lproj/Main.storyboard; sourceTree = "<group>"; };
		D20089262A2DD27E00D9C7C4 /* Assets.xcassets */ = {isa = PBXFileReference; lastKnownFileType = folder.assetcatalog; path = Assets.xcassets; sourceTree = "<group>"; };
		D20089292A2DD27E00D9C7C4 /* Base */ = {isa = PBXFileReference; lastKnownFileType = file.storyboard; name = Base; path = Base.lproj/LaunchScreen.storyboard; sourceTree = "<group>"; };
		D200892F2A2DD27E00D9C7C4 /* AR_Practice2Tests.xctest */ = {isa = PBXFileReference; explicitFileType = wrapper.cfbundle; includeInIndex = 0; path = AR_Practice2Tests.xctest; sourceTree = BUILT_PRODUCTS_DIR; };
		D20089332A2DD27E00D9C7C4 /* AR_Practice2Tests.swift */ = {isa = PBXFileReference; lastKnownFileType = sourcecode.swift; path = AR_Practice2Tests.swift; sourceTree = "<group>"; };
		D20089392A2DD27E00D9C7C4 /* AR_Practice2UITests.xctest */ = {isa = PBXFileReference; explicitFileType = wrapper.cfbundle; includeInIndex = 0; path = AR_Practice2UITests.xctest; sourceTree = BUILT_PRODUCTS_DIR; };
		D200893D2A2DD27E00D9C7C4 /* AR_Practice2UITests.swift */ = {isa = PBXFileReference; lastKnownFileType = sourcecode.swift; path = AR_Practice2UITests.swift; sourceTree = "<group>"; };
		D200893F2A2DD27E00D9C7C4 /* AR_Practice2UITestsLaunchTests.swift */ = {isa = PBXFileReference; lastKnownFileType = sourcecode.swift; path = AR_Practice2UITestsLaunchTests.swift; sourceTree = "<group>"; };
/* End PBXFileReference section */

/* Begin PBXFrameworksBuildPhase section */
		D20089172A2DD27C00D9C7C4 /* Frameworks */ = {
			isa = PBXFrameworksBuildPhase;
			buildActionMask = 2147483647;
			files = (
			);
			runOnlyForDeploymentPostprocessing = 0;
		};
		D200892C2A2DD27E00D9C7C4 /* Frameworks */ = {
			isa = PBXFrameworksBuildPhase;
			buildActionMask = 2147483647;
			files = (
			);
			runOnlyForDeploymentPostprocessing = 0;
		};
		D20089362A2DD27E00D9C7C4 /* Frameworks */ = {
			isa = PBXFrameworksBuildPhase;
			buildActionMask = 2147483647;
			files = (
			);
			runOnlyForDeploymentPostprocessing = 0;
		};
/* End PBXFrameworksBuildPhase section */

/* Begin PBXGroup section */
		D20089112A2DD27C00D9C7C4 = {
			isa = PBXGroup;
			children = (
				D200891C2A2DD27C00D9C7C4 /* AR_Practice2 */,
				D20089322A2DD27E00D9C7C4 /* AR_Practice2Tests */,
				D200893C2A2DD27E00D9C7C4 /* AR_Practice2UITests */,
				D200891B2A2DD27C00D9C7C4 /* Products */,
			);
			sourceTree = "<group>";
		};
		D200891B2A2DD27C00D9C7C4 /* Products */ = {
			isa = PBXGroup;
			children = (
				D200891A2A2DD27C00D9C7C4 /* AR_Practice2.app */,
				D200892F2A2DD27E00D9C7C4 /* AR_Practice2Tests.xctest */,
				D20089392A2DD27E00D9C7C4 /* AR_Practice2UITests.xctest */,
			);
			name = Products;
			sourceTree = "<group>";
		};
		D200891C2A2DD27C00D9C7C4 /* AR_Practice2 */ = {
			isa = PBXGroup;
			children = (
				D200891D2A2DD27D00D9C7C4 /* AppDelegate.swift */,
				D200891F2A2DD27D00D9C7C4 /* art.scnassets */,
				D20089212A2DD27D00D9C7C4 /* ViewController.swift */,
				D20089232A2DD27D00D9C7C4 /* Main.storyboard */,
				D20089262A2DD27E00D9C7C4 /* Assets.xcassets */,
				D20089282A2DD27E00D9C7C4 /* LaunchScreen.storyboard */,
			);
			path = AR_Practice2;
			sourceTree = "<group>";
		};
		D20089322A2DD27E00D9C7C4 /* AR_Practice2Tests */ = {
			isa = PBXGroup;
			children = (
				D20089332A2DD27E00D9C7C4 /* AR_Practice2Tests.swift */,
			);
			path = AR_Practice2Tests;
			sourceTree = "<group>";
		};
		D200893C2A2DD27E00D9C7C4 /* AR_Practice2UITests */ = {
			isa = PBXGroup;
			children = (
				D200893D2A2DD27E00D9C7C4 /* AR_Practice2UITests.swift */,
				D200893F2A2DD27E00D9C7C4 /* AR_Practice2UITestsLaunchTests.swift */,
			);
			path = AR_Practice2UITests;
			sourceTree = "<group>";
		};
/* End PBXGroup section */

/* Begin PBXNativeTarget section */
		D20089192A2DD27C00D9C7C4 /* AR_Practice2 */ = {
			isa = PBXNativeTarget;
			buildConfigurationList = D20089432A2DD27E00D9C7C4 /* Build configuration list for PBXNativeTarget "AR_Practice2" */;
			buildPhases = (
				D20089162A2DD27C00D9C7C4 /* Sources */,
				D20089172A2DD27C00D9C7C4 /* Frameworks */,
				D20089182A2DD27C00D9C7C4 /* Resources */,
			);
			buildRules = (
			);
			dependencies = (
			);
			name = AR_Practice2;
			productName = AR_Practice2;
			productReference = D200891A2A2DD27C00D9C7C4 /* AR_Practice2.app */;
			productType = "com.apple.product-type.application";
		};
		D200892E2A2DD27E00D9C7C4 /* AR_Practice2Tests */ = {
			isa = PBXNativeTarget;
			buildConfigurationList = D20089462A2DD27E00D9C7C4 /* Build configuration list for PBXNativeTarget "AR_Practice2Tests" */;
			buildPhases = (
				D200892B2A2DD27E00D9C7C4 /* Sources */,
				D200892C2A2DD27E00D9C7C4 /* Frameworks */,
				D200892D2A2DD27E00D9C7C4 /* Resources */,
			);
			buildRules = (
			);
			dependencies = (
				D20089312A2DD27E00D9C7C4 /* PBXTargetDependency */,
			);
			name = AR_Practice2Tests;
			productName = AR_Practice2Tests;
			productReference = D200892F2A2DD27E00D9C7C4 /* AR_Practice2Tests.xctest */;
			productType = "com.apple.product-type.bundle.unit-test";
		};
		D20089382A2DD27E00D9C7C4 /* AR_Practice2UITests */ = {
			isa = PBXNativeTarget;
			buildConfigurationList = D20089492A2DD27E00D9C7C4 /* Build configuration list for PBXNativeTarget "AR_Practice2UITests" */;
			buildPhases = (
				D20089352A2DD27E00D9C7C4 /* Sources */,
				D20089362A2DD27E00D9C7C4 /* Frameworks */,
				D20089372A2DD27E00D9C7C4 /* Resources */,
			);
			buildRules = (
			);
			dependencies = (
				D200893B2A2DD27E00D9C7C4 /* PBXTargetDependency */,
			);
			name = AR_Practice2UITests;
			productName = AR_Practice2UITests;
			productReference = D20089392A2DD27E00D9C7C4 /* AR_Practice2UITests.xctest */;
			productType = "com.apple.product-type.bundle.ui-testing";
		};
/* End PBXNativeTarget section */

/* Begin PBXProject section */
		D20089122A2DD27C00D9C7C4 /* Project object */ = {
			isa = PBXProject;
			attributes = {
				BuildIndependentTargetsInParallel = 1;
				LastSwiftUpdateCheck = 1430;
				LastUpgradeCheck = 1430;
				TargetAttributes = {
					D20089192A2DD27C00D9C7C4 = {
						CreatedOnToolsVersion = 14.3;
					};
					D200892E2A2DD27E00D9C7C4 = {
						CreatedOnToolsVersion = 14.3;
						TestTargetID = D20089192A2DD27C00D9C7C4;
					};
					D20089382A2DD27E00D9C7C4 = {
						CreatedOnToolsVersion = 14.3;
						TestTargetID = D20089192A2DD27C00D9C7C4;
					};
				};
			};
			buildConfigurationList = D20089152A2DD27C00D9C7C4 /* Build configuration list for PBXProject "AR_Practice2" */;
			compatibilityVersion = "Xcode 14.0";
			developmentRegion = en;
			hasScannedForEncodings = 0;
			knownRegions = (
				en,
				Base,
			);
			mainGroup = D20089112A2DD27C00D9C7C4;
			productRefGroup = D200891B2A2DD27C00D9C7C4 /* Products */;
			projectDirPath = "";
			projectRoot = "";
			targets = (
				D20089192A2DD27C00D9C7C4 /* AR_Practice2 */,
				D200892E2A2DD27E00D9C7C4 /* AR_Practice2Tests */,
				D20089382A2DD27E00D9C7C4 /* AR_Practice2UITests */,
			);
		};
/* End PBXProject section */

/* Begin PBXResourcesBuildPhase section */
		D20089182A2DD27C00D9C7C4 /* Resources */ = {
			isa = PBXResourcesBuildPhase;
			buildActionMask = 2147483647;
			files = (
				D20089202A2DD27D00D9C7C4 /* art.scnassets in Resources */,
				D200892A2A2DD27E00D9C7C4 /* LaunchScreen.storyboard in Resources */,
				D20089272A2DD27E00D9C7C4 /* Assets.xcassets in Resources */,
				D20089252A2DD27D00D9C7C4 /* Main.storyboard in Resources */,
			);
			runOnlyForDeploymentPostprocessing = 0;
		};
		D200892D2A2DD27E00D9C7C4 /* Resources */ = {
			isa = PBXResourcesBuildPhase;
			buildActionMask = 2147483647;
			files = (
			);
			runOnlyForDeploymentPostprocessing = 0;
		};
		D20089372A2DD27E00D9C7C4 /* Resources */ = {
			isa = PBXResourcesBuildPhase;
			buildActionMask = 2147483647;
			files = (
			);
			runOnlyForDeploymentPostprocessing = 0;
		};
/* End PBXResourcesBuildPhase section */

/* Begin PBXSourcesBuildPhase section */
		D20089162A2DD27C00D9C7C4 /* Sources */ = {
			isa = PBXSourcesBuildPhase;
			buildActionMask = 2147483647;
			files = (
				D20089222A2DD27D00D9C7C4 /* ViewController.swift in Sources */,
				D200891E2A2DD27D00D9C7C4 /* AppDelegate.swift in Sources */,
			);
			runOnlyForDeploymentPostprocessing = 0;
		};
		D200892B2A2DD27E00D9C7C4 /* Sources */ = {
			isa = PBXSourcesBuildPhase;
			buildActionMask = 2147483647;
			files = (
				D20089342A2DD27E00D9C7C4 /* AR_Practice2Tests.swift in Sources */,
			);
			runOnlyForDeploymentPostprocessing = 0;
		};
		D20089352A2DD27E00D9C7C4 /* Sources */ = {
			isa = PBXSourcesBuildPhase;
			buildActionMask = 2147483647;
			files = (
				D200893E2A2DD27E00D9C7C4 /* AR_Practice2UITests.swift in Sources */,
				D20089402A2DD27E00D9C7C4 /* AR_Practice2UITestsLaunchTests.swift in Sources */,
			);
			runOnlyForDeploymentPostprocessing = 0;
		};
/* End PBXSourcesBuildPhase section */

/* Begin PBXTargetDependency section */
		D20089312A2DD27E00D9C7C4 /* PBXTargetDependency */ = {
			isa = PBXTargetDependency;
			target = D20089192A2DD27C00D9C7C4 /* AR_Practice2 */;
			targetProxy = D20089302A2DD27E00D9C7C4 /* PBXContainerItemProxy */;
		};
		D200893B2A2DD27E00D9C7C4 /* PBXTargetDependency */ = {
			isa = PBXTargetDependency;
			target = D20089192A2DD27C00D9C7C4 /* AR_Practice2 */;
			targetProxy = D200893A2A2DD27E00D9C7C4 /* PBXContainerItemProxy */;
		};
/* End PBXTargetDependency section */

/* Begin PBXVariantGroup section */
		D20089232A2DD27D00D9C7C4 /* Main.storyboard */ = {
			isa = PBXVariantGroup;
			children = (
				D20089242A2DD27D00D9C7C4 /* Base */,
			);
			name = Main.storyboard;
			sourceTree = "<group>";
		};
		D20089282A2DD27E00D9C7C4 /* LaunchScreen.storyboard */ = {
			isa = PBXVariantGroup;
			children = (
				D20089292A2DD27E00D9C7C4 /* Base */,
			);
			name = LaunchScreen.storyboard;
			sourceTree = "<group>";
		};
/* End PBXVariantGroup section */

/* Begin XCBuildConfiguration section */
		D20089412A2DD27E00D9C7C4 /* Debug */ = {
			isa = XCBuildConfiguration;
			buildSettings = {
				ALWAYS_SEARCH_USER_PATHS = NO;
				CLANG_ANALYZER_NONNULL = YES;
				CLANG_ANALYZER_NUMBER_OBJECT_CONVERSION = YES_AGGRESSIVE;
				CLANG_CXX_LANGUAGE_STANDARD = "gnu++20";
				CLANG_ENABLE_MODULES = YES;
				CLANG_ENABLE_OBJC_ARC = YES;
				CLANG_ENABLE_OBJC_WEAK = YES;
				CLANG_WARN_BLOCK_CAPTURE_AUTORELEASING = YES;
				CLANG_WARN_BOOL_CONVERSION = YES;
				CLANG_WARN_COMMA = YES;
				CLANG_WARN_CONSTANT_CONVERSION = YES;
				CLANG_WARN_DEPRECATED_OBJC_IMPLEMENTATIONS = YES;
				CLANG_WARN_DIRECT_OBJC_ISA_USAGE = YES_ERROR;
				CLANG_WARN_DOCUMENTATION_COMMENTS = YES;
				CLANG_WARN_EMPTY_BODY = YES;
				CLANG_WARN_ENUM_CONVERSION = YES;
				CLANG_WARN_INFINITE_RECURSION = YES;
				CLANG_WARN_INT_CONVERSION = YES;
				CLANG_WARN_NON_LITERAL_NULL_CONVERSION = YES;
				CLANG_WARN_OBJC_IMPLICIT_RETAIN_SELF = YES;
				CLANG_WARN_OBJC_LITERAL_CONVERSION = YES;
				CLANG_WARN_OBJC_ROOT_CLASS = YES_ERROR;
				CLANG_WARN_QUOTED_INCLUDE_IN_FRAMEWORK_HEADER = YES;
				CLANG_WARN_RANGE_LOOP_ANALYSIS = YES;
				CLANG_WARN_STRICT_PROTOTYPES = YES;
				CLANG_WARN_SUSPICIOUS_MOVE = YES;
				CLANG_WARN_UNGUARDED_AVAILABILITY = YES_AGGRESSIVE;
				CLANG_WARN_UNREACHABLE_CODE = YES;
				CLANG_WARN__DUPLICATE_METHOD_MATCH = YES;
				COPY_PHASE_STRIP = NO;
				DEBUG_INFORMATION_FORMAT = dwarf;
				ENABLE_STRICT_OBJC_MSGSEND = YES;
				ENABLE_TESTABILITY = YES;
				GCC_C_LANGUAGE_STANDARD = gnu11;
				GCC_DYNAMIC_NO_PIC = NO;
				GCC_NO_COMMON_BLOCKS = YES;
				GCC_OPTIMIZATION_LEVEL = 0;
				GCC_PREPROCESSOR_DEFINITIONS = (
					"DEBUG=1",
					"$(inherited)",
				);
				GCC_WARN_64_TO_32_BIT_CONVERSION = YES;
				GCC_WARN_ABOUT_RETURN_TYPE = YES_ERROR;
				GCC_WARN_UNDECLARED_SELECTOR = YES;
				GCC_WARN_UNINITIALIZED_AUTOS = YES_AGGRESSIVE;
				GCC_WARN_UNUSED_FUNCTION = YES;
				GCC_WARN_UNUSED_VARIABLE = YES;
				IPHONEOS_DEPLOYMENT_TARGET = 16.4;
				MTL_ENABLE_DEBUG_INFO = INCLUDE_SOURCE;
				MTL_FAST_MATH = YES;
				ONLY_ACTIVE_ARCH = YES;
				SDKROOT = iphoneos;
				SWIFT_ACTIVE_COMPILATION_CONDITIONS = DEBUG;
				SWIFT_OPTIMIZATION_LEVEL = "-Onone";
			};
			name = Debug;
		};
		D20089422A2DD27E00D9C7C4 /* Release */ = {
			isa = XCBuildConfiguration;
			buildSettings = {
				ALWAYS_SEARCH_USER_PATHS = NO;
				CLANG_ANALYZER_NONNULL = YES;
				CLANG_ANALYZER_NUMBER_OBJECT_CONVERSION = YES_AGGRESSIVE;
				CLANG_CXX_LANGUAGE_STANDARD = "gnu++20";
				CLANG_ENABLE_MODULES = YES;
				CLANG_ENABLE_OBJC_ARC = YES;
				CLANG_ENABLE_OBJC_WEAK = YES;
				CLANG_WARN_BLOCK_CAPTURE_AUTORELEASING = YES;
				CLANG_WARN_BOOL_CONVERSION = YES;
				CLANG_WARN_COMMA = YES;
				CLANG_WARN_CONSTANT_CONVERSION = YES;
				CLANG_WARN_DEPRECATED_OBJC_IMPLEMENTATIONS = YES;
				CLANG_WARN_DIRECT_OBJC_ISA_USAGE = YES_ERROR;
				CLANG_WARN_DOCUMENTATION_COMMENTS = YES;
				CLANG_WARN_EMPTY_BODY = YES;
				CLANG_WARN_ENUM_CONVERSION = YES;
				CLANG_WARN_INFINITE_RECURSION = YES;
				CLANG_WARN_INT_CONVERSION = YES;
				CLANG_WARN_NON_LITERAL_NULL_CONVERSION = YES;
				CLANG_WARN_OBJC_IMPLICIT_RETAIN_SELF = YES;
				CLANG_WARN_OBJC_LITERAL_CONVERSION = YES;
				CLANG_WARN_OBJC_ROOT_CLASS = YES_ERROR;
				CLANG_WARN_QUOTED_INCLUDE_IN_FRAMEWORK_HEADER = YES;
				CLANG_WARN_RANGE_LOOP_ANALYSIS = YES;
				CLANG_WARN_STRICT_PROTOTYPES = YES;
				CLANG_WARN_SUSPICIOUS_MOVE = YES;
				CLANG_WARN_UNGUARDED_AVAILABILITY = YES_AGGRESSIVE;
				CLANG_WARN_UNREACHABLE_CODE = YES;
				CLANG_WARN__DUPLICATE_METHOD_MATCH = YES;
				COPY_PHASE_STRIP = NO;
				DEBUG_INFORMATION_FORMAT = "dwarf-with-dsym";
				ENABLE_NS_ASSERTIONS = NO;
				ENABLE_STRICT_OBJC_MSGSEND = YES;
				GCC_C_LANGUAGE_STANDARD = gnu11;
				GCC_NO_COMMON_BLOCKS = YES;
				GCC_WARN_64_TO_32_BIT_CONVERSION = YES;
				GCC_WARN_ABOUT_RETURN_TYPE = YES_ERROR;
				GCC_WARN_UNDECLARED_SELECTOR = YES;
				GCC_WARN_UNINITIALIZED_AUTOS = YES_AGGRESSIVE;
				GCC_WARN_UNUSED_FUNCTION = YES;
				GCC_WARN_UNUSED_VARIABLE = YES;
				IPHONEOS_DEPLOYMENT_TARGET = 16.4;
				MTL_ENABLE_DEBUG_INFO = NO;
				MTL_FAST_MATH = YES;
				SDKROOT = iphoneos;
				SWIFT_COMPILATION_MODE = wholemodule;
				SWIFT_OPTIMIZATION_LEVEL = "-O";
				VALIDATE_PRODUCT = YES;
			};
			name = Release;
		};
		D20089442A2DD27E00D9C7C4 /* Debug */ = {
			isa = XCBuildConfiguration;
			buildSettings = {
				ASSETCATALOG_COMPILER_APPICON_NAME = AppIcon;
				ASSETCATALOG_COMPILER_GLOBAL_ACCENT_COLOR_NAME = AccentColor;
				CODE_SIGN_STYLE = Automatic;
				CURRENT_PROJECT_VERSION = 1;
				DEVELOPMENT_TEAM = P2AV22CT53;
				GENERATE_INFOPLIST_FILE = YES;
				INFOPLIST_KEY_NSCameraUsageDescription = "";
				INFOPLIST_KEY_UIApplicationSupportsIndirectInputEvents = YES;
				INFOPLIST_KEY_UILaunchStoryboardName = LaunchScreen;
				INFOPLIST_KEY_UIMainStoryboardFile = Main;
				INFOPLIST_KEY_UIRequiredDeviceCapabilities = arkit;
				INFOPLIST_KEY_UIStatusBarHidden = YES;
				INFOPLIST_KEY_UISupportedInterfaceOrientations_iPad = "UIInterfaceOrientationPortrait UIInterfaceOrientationPortraitUpsideDown UIInterfaceOrientationLandscapeLeft UIInterfaceOrientationLandscapeRight";
				INFOPLIST_KEY_UISupportedInterfaceOrientations_iPhone = "UIInterfaceOrientationPortrait UIInterfaceOrientationLandscapeLeft UIInterfaceOrientationLandscapeRight";
				IPHONEOS_DEPLOYMENT_TARGET = 16.2;
				LD_RUNPATH_SEARCH_PATHS = (
					"$(inherited)",
					"@executable_path/Frameworks",
				);
				MARKETING_VERSION = 1.0;
				PRODUCT_BUNDLE_IDENTIFIER = "ken.AR-Practice2";
				PRODUCT_NAME = "$(TARGET_NAME)";
				SWIFT_EMIT_LOC_STRINGS = YES;
				SWIFT_VERSION = 5.0;
				TARGETED_DEVICE_FAMILY = "1,2";
			};
			name = Debug;
		};
		D20089452A2DD27E00D9C7C4 /* Release */ = {
			isa = XCBuildConfiguration;
			buildSettings = {
				ASSETCATALOG_COMPILER_APPICON_NAME = AppIcon;
				ASSETCATALOG_COMPILER_GLOBAL_ACCENT_COLOR_NAME = AccentColor;
				CODE_SIGN_STYLE = Automatic;
				CURRENT_PROJECT_VERSION = 1;
				DEVELOPMENT_TEAM = P2AV22CT53;
				GENERATE_INFOPLIST_FILE = YES;
				INFOPLIST_KEY_NSCameraUsageDescription = "";
				INFOPLIST_KEY_UIApplicationSupportsIndirectInputEvents = YES;
				INFOPLIST_KEY_UILaunchStoryboardName = LaunchScreen;
				INFOPLIST_KEY_UIMainStoryboardFile = Main;
				INFOPLIST_KEY_UIRequiredDeviceCapabilities = arkit;
				INFOPLIST_KEY_UIStatusBarHidden = YES;
				INFOPLIST_KEY_UISupportedInterfaceOrientations_iPad = "UIInterfaceOrientationPortrait UIInterfaceOrientationPortraitUpsideDown UIInterfaceOrientationLandscapeLeft UIInterfaceOrientationLandscapeRight";
				INFOPLIST_KEY_UISupportedInterfaceOrientations_iPhone = "UIInterfaceOrientationPortrait UIInterfaceOrientationLandscapeLeft UIInterfaceOrientationLandscapeRight";
				IPHONEOS_DEPLOYMENT_TARGET = 16.2;
				LD_RUNPATH_SEARCH_PATHS = (
					"$(inherited)",
					"@executable_path/Frameworks",
				);
				MARKETING_VERSION = 1.0;
				PRODUCT_BUNDLE_IDENTIFIER = "ken.AR-Practice2";
				PRODUCT_NAME = "$(TARGET_NAME)";
				SWIFT_EMIT_LOC_STRINGS = YES;
				SWIFT_VERSION = 5.0;
				TARGETED_DEVICE_FAMILY = "1,2";
			};
			name = Release;
		};
		D20089472A2DD27E00D9C7C4 /* Debug */ = {
			isa = XCBuildConfiguration;
			buildSettings = {
				ALWAYS_EMBED_SWIFT_STANDARD_LIBRARIES = YES;
				BUNDLE_LOADER = "$(TEST_HOST)";
				CODE_SIGN_STYLE = Automatic;
				CURRENT_PROJECT_VERSION = 1;
				GENERATE_INFOPLIST_FILE = YES;
				IPHONEOS_DEPLOYMENT_TARGET = 16.4;
				MARKETING_VERSION = 1.0;
				PRODUCT_BUNDLE_IDENTIFIER = "ken.AR-Practice2Tests";
				PRODUCT_NAME = "$(TARGET_NAME)";
				SWIFT_EMIT_LOC_STRINGS = NO;
				SWIFT_VERSION = 5.0;
				TARGETED_DEVICE_FAMILY = "1,2";
				TEST_HOST = "$(BUILT_PRODUCTS_DIR)/AR_Practice2.app/$(BUNDLE_EXECUTABLE_FOLDER_PATH)/AR_Practice2";
			};
			name = Debug;
		};
		D20089482A2DD27E00D9C7C4 /* Release */ = {
			isa = XCBuildConfiguration;
			buildSettings = {
				ALWAYS_EMBED_SWIFT_STANDARD_LIBRARIES = YES;
				BUNDLE_LOADER = "$(TEST_HOST)";
				CODE_SIGN_STYLE = Automatic;
				CURRENT_PROJECT_VERSION = 1;
				GENERATE_INFOPLIST_FILE = YES;
				IPHONEOS_DEPLOYMENT_TARGET = 16.4;
				MARKETING_VERSION = 1.0;
				PRODUCT_BUNDLE_IDENTIFIER = "ken.AR-Practice2Tests";
				PRODUCT_NAME = "$(TARGET_NAME)";
				SWIFT_EMIT_LOC_STRINGS = NO;
				SWIFT_VERSION = 5.0;
				TARGETED_DEVICE_FAMILY = "1,2";
				TEST_HOST = "$(BUILT_PRODUCTS_DIR)/AR_Practice2.app/$(BUNDLE_EXECUTABLE_FOLDER_PATH)/AR_Practice2";
			};
			name = Release;
		};
		D200894A2A2DD27E00D9C7C4 /* Debug */ = {
			isa = XCBuildConfiguration;
			buildSettings = {
				ALWAYS_EMBED_SWIFT_STANDARD_LIBRARIES = YES;
				CODE_SIGN_STYLE = Automatic;
				CURRENT_PROJECT_VERSION = 1;
				GENERATE_INFOPLIST_FILE = YES;
				MARKETING_VERSION = 1.0;
				PRODUCT_BUNDLE_IDENTIFIER = "ken.AR-Practice2UITests";
				PRODUCT_NAME = "$(TARGET_NAME)";
				SWIFT_EMIT_LOC_STRINGS = NO;
				SWIFT_VERSION = 5.0;
				TARGETED_DEVICE_FAMILY = "1,2";
				TEST_TARGET_NAME = AR_Practice2;
			};
			name = Debug;
		};
		D200894B2A2DD27E00D9C7C4 /* Release */ = {
			isa = XCBuildConfiguration;
			buildSettings = {
				ALWAYS_EMBED_SWIFT_STANDARD_LIBRARIES = YES;
				CODE_SIGN_STYLE = Automatic;
				CURRENT_PROJECT_VERSION = 1;
				GENERATE_INFOPLIST_FILE = YES;
				MARKETING_VERSION = 1.0;
				PRODUCT_BUNDLE_IDENTIFIER = "ken.AR-Practice2UITests";
				PRODUCT_NAME = "$(TARGET_NAME)";
				SWIFT_EMIT_LOC_STRINGS = NO;
				SWIFT_VERSION = 5.0;
				TARGETED_DEVICE_FAMILY = "1,2";
				TEST_TARGET_NAME = AR_Practice2;
			};
			name = Release;
		};
/* End XCBuildConfiguration section */

/* Begin XCConfigurationList section */
		D20089152A2DD27C00D9C7C4 /* Build configuration list for PBXProject "AR_Practice2" */ = {
			isa = XCConfigurationList;
			buildConfigurations = (
				D20089412A2DD27E00D9C7C4 /* Debug */,
				D20089422A2DD27E00D9C7C4 /* Release */,
			);
			defaultConfigurationIsVisible = 0;
			defaultConfigurationName = Release;
		};
		D20089432A2DD27E00D9C7C4 /* Build configuration list for PBXNativeTarget "AR_Practice2" */ = {
			isa = XCConfigurationList;
			buildConfigurations = (
				D20089442A2DD27E00D9C7C4 /* Debug */,
				D20089452A2DD27E00D9C7C4 /* Release */,
			);
			defaultConfigurationIsVisible = 0;
			defaultConfigurationName = Release;
		};
		D20089462A2DD27E00D9C7C4 /* Build configuration list for PBXNativeTarget "AR_Practice2Tests" */ = {
			isa = XCConfigurationList;
			buildConfigurations = (
				D20089472A2DD27E00D9C7C4 /* Debug */,
				D20089482A2DD27E00D9C7C4 /* Release */,
			);
			defaultConfigurationIsVisible = 0;
			defaultConfigurationName = Release;
		};
		D20089492A2DD27E00D9C7C4 /* Build configuration list for PBXNativeTarget "AR_Practice2UITests" */ = {
			isa = XCConfigurationList;
			buildConfigurations = (
				D200894A2A2DD27E00D9C7C4 /* Debug */,
				D200894B2A2DD27E00D9C7C4 /* Release */,
			);
			defaultConfigurationIsVisible = 0;
			defaultConfigurationName = Release;
		};
/* End XCConfigurationList section */
	};
	rootObject = D20089122A2DD27C00D9C7C4 /* Project object */;
}
