// !$*UTF8*$!
{
	archiveVersion = 1;
	classes = {
	};
	objectVersion = 56;
	objects = {

/* Begin PBXBuildFile section */
		D279302029E3FF19002976D1 /* foodDiaryApp.swift in Sources */ = {isa = PBXBuildFile; fileRef = D279301F29E3FF19002976D1 /* foodDiaryApp.swift */; };
		D279302229E3FF19002976D1 /* ContentView.swift in Sources */ = {isa = PBXBuildFile; fileRef = D279302129E3FF19002976D1 /* ContentView.swift */; };
		D279302429E3FF19002976D1 /* Assets.xcassets in Resources */ = {isa = PBXBuildFile; fileRef = D279302329E3FF19002976D1 /* Assets.xcassets */; };
		D279302729E3FF19002976D1 /* Preview Assets.xcassets in Resources */ = {isa = PBXBuildFile; fileRef = D279302629E3FF19002976D1 /* Preview Assets.xcassets */; };
		D279303129E3FF1A002976D1 /* foodDiaryTests.swift in Sources */ = {isa = PBXBuildFile; fileRef = D279303029E3FF1A002976D1 /* foodDiaryTests.swift */; };
		D279303B29E3FF1A002976D1 /* foodDiaryUITests.swift in Sources */ = {isa = PBXBuildFile; fileRef = D279303A29E3FF1A002976D1 /* foodDiaryUITests.swift */; };
		D279303D29E3FF1A002976D1 /* foodDiaryUITestsLaunchTests.swift in Sources */ = {isa = PBXBuildFile; fileRef = D279303C29E3FF1A002976D1 /* foodDiaryUITestsLaunchTests.swift */; };
		D279304A29E40368002976D1 /* foodPage.swift in Sources */ = {isa = PBXBuildFile; fileRef = D279304929E40368002976D1 /* foodPage.swift */; };
		D279304C29E405B9002976D1 /* food.swift in Sources */ = {isa = PBXBuildFile; fileRef = D279304B29E405B9002976D1 /* food.swift */; };
		D279304E29E4074D002976D1 /* foodView.swift in Sources */ = {isa = PBXBuildFile; fileRef = D279304D29E4074D002976D1 /* foodView.swift */; };
		D279305029E40CAA002976D1 /* foodRow.swift in Sources */ = {isa = PBXBuildFile; fileRef = D279304F29E40CAA002976D1 /* foodRow.swift */; };
		D2F056E029ED3DC5002F5808 /* multipleChoice in Resources */ = {isa = PBXBuildFile; fileRef = D2F056DF29ED3DC5002F5808 /* multipleChoice */; };
		D2FD262D29ED6A51007DA701 /* question.swift in Sources */ = {isa = PBXBuildFile; fileRef = D2FD262A29ED6A51007DA701 /* question.swift */; };
		D2FD262E29ED6A51007DA701 /* multipleChoice.swift in Sources */ = {isa = PBXBuildFile; fileRef = D2FD262B29ED6A51007DA701 /* multipleChoice.swift */; };
		D2FD262F29ED6A51007DA701 /* questionState.swift in Sources */ = {isa = PBXBuildFile; fileRef = D2FD262C29ED6A51007DA701 /* questionState.swift */; };
/* End PBXBuildFile section */

/* Begin PBXContainerItemProxy section */
		D279302D29E3FF1A002976D1 /* PBXContainerItemProxy */ = {
			isa = PBXContainerItemProxy;
			containerPortal = D279301429E3FF18002976D1 /* Project object */;
			proxyType = 1;
			remoteGlobalIDString = D279301B29E3FF18002976D1;
			remoteInfo = foodDiary;
		};
		D279303729E3FF1A002976D1 /* PBXContainerItemProxy */ = {
			isa = PBXContainerItemProxy;
			containerPortal = D279301429E3FF18002976D1 /* Project object */;
			proxyType = 1;
			remoteGlobalIDString = D279301B29E3FF18002976D1;
			remoteInfo = foodDiary;
		};
/* End PBXContainerItemProxy section */

/* Begin PBXFileReference section */
		D279301C29E3FF18002976D1 /* foodDiary.app */ = {isa = PBXFileReference; explicitFileType = wrapper.application; includeInIndex = 0; path = foodDiary.app; sourceTree = BUILT_PRODUCTS_DIR; };
		D279301F29E3FF19002976D1 /* foodDiaryApp.swift */ = {isa = PBXFileReference; lastKnownFileType = sourcecode.swift; path = foodDiaryApp.swift; sourceTree = "<group>"; };
		D279302129E3FF19002976D1 /* ContentView.swift */ = {isa = PBXFileReference; lastKnownFileType = sourcecode.swift; path = ContentView.swift; sourceTree = "<group>"; };
		D279302329E3FF19002976D1 /* Assets.xcassets */ = {isa = PBXFileReference; lastKnownFileType = folder.assetcatalog; path = Assets.xcassets; sourceTree = "<group>"; };
		D279302629E3FF19002976D1 /* Preview Assets.xcassets */ = {isa = PBXFileReference; lastKnownFileType = folder.assetcatalog; path = "Preview Assets.xcassets"; sourceTree = "<group>"; };
		D279302C29E3FF1A002976D1 /* foodDiaryTests.xctest */ = {isa = PBXFileReference; explicitFileType = wrapper.cfbundle; includeInIndex = 0; path = foodDiaryTests.xctest; sourceTree = BUILT_PRODUCTS_DIR; };
		D279303029E3FF1A002976D1 /* foodDiaryTests.swift */ = {isa = PBXFileReference; lastKnownFileType = sourcecode.swift; path = foodDiaryTests.swift; sourceTree = "<group>"; };
		D279303629E3FF1A002976D1 /* foodDiaryUITests.xctest */ = {isa = PBXFileReference; explicitFileType = wrapper.cfbundle; includeInIndex = 0; path = foodDiaryUITests.xctest; sourceTree = BUILT_PRODUCTS_DIR; };
		D279303A29E3FF1A002976D1 /* foodDiaryUITests.swift */ = {isa = PBXFileReference; lastKnownFileType = sourcecode.swift; path = foodDiaryUITests.swift; sourceTree = "<group>"; };
		D279303C29E3FF1A002976D1 /* foodDiaryUITestsLaunchTests.swift */ = {isa = PBXFileReference; lastKnownFileType = sourcecode.swift; path = foodDiaryUITestsLaunchTests.swift; sourceTree = "<group>"; };
		D279304929E40368002976D1 /* foodPage.swift */ = {isa = PBXFileReference; lastKnownFileType = sourcecode.swift; path = foodPage.swift; sourceTree = "<group>"; };
		D279304B29E405B9002976D1 /* food.swift */ = {isa = PBXFileReference; lastKnownFileType = sourcecode.swift; path = food.swift; sourceTree = "<group>"; };
		D279304D29E4074D002976D1 /* foodView.swift */ = {isa = PBXFileReference; lastKnownFileType = sourcecode.swift; path = foodView.swift; sourceTree = "<group>"; };
		D279304F29E40CAA002976D1 /* foodRow.swift */ = {isa = PBXFileReference; lastKnownFileType = sourcecode.swift; path = foodRow.swift; sourceTree = "<group>"; };
		D2F056DF29ED3DC5002F5808 /* multipleChoice */ = {isa = PBXFileReference; lastKnownFileType = folder; path = multipleChoice; sourceTree = "<group>"; };
		D2FD262A29ED6A51007DA701 /* question.swift */ = {isa = PBXFileReference; fileEncoding = 4; lastKnownFileType = sourcecode.swift; name = question.swift; path = multipleChoice/question.swift; sourceTree = SOURCE_ROOT; };
		D2FD262B29ED6A51007DA701 /* multipleChoice.swift */ = {isa = PBXFileReference; fileEncoding = 4; lastKnownFileType = sourcecode.swift; name = multipleChoice.swift; path = multipleChoice/multipleChoice.swift; sourceTree = SOURCE_ROOT; };
		D2FD262C29ED6A51007DA701 /* questionState.swift */ = {isa = PBXFileReference; fileEncoding = 4; lastKnownFileType = sourcecode.swift; name = questionState.swift; path = multipleChoice/questionState.swift; sourceTree = SOURCE_ROOT; };
/* End PBXFileReference section */

/* Begin PBXFrameworksBuildPhase section */
		D279301929E3FF18002976D1 /* Frameworks */ = {
			isa = PBXFrameworksBuildPhase;
			buildActionMask = 2147483647;
			files = (
			);
			runOnlyForDeploymentPostprocessing = 0;
		};
		D279302929E3FF1A002976D1 /* Frameworks */ = {
			isa = PBXFrameworksBuildPhase;
			buildActionMask = 2147483647;
			files = (
			);
			runOnlyForDeploymentPostprocessing = 0;
		};
		D279303329E3FF1A002976D1 /* Frameworks */ = {
			isa = PBXFrameworksBuildPhase;
			buildActionMask = 2147483647;
			files = (
			);
			runOnlyForDeploymentPostprocessing = 0;
		};
/* End PBXFrameworksBuildPhase section */

/* Begin PBXGroup section */
		D279301329E3FF18002976D1 = {
			isa = PBXGroup;
			children = (
				D2F056DF29ED3DC5002F5808 /* multipleChoice */,
				D279301E29E3FF18002976D1 /* foodDiary */,
				D279302F29E3FF1A002976D1 /* foodDiaryTests */,
				D279303929E3FF1A002976D1 /* foodDiaryUITests */,
				D279301D29E3FF18002976D1 /* Products */,
			);
			sourceTree = "<group>";
		};
		D279301D29E3FF18002976D1 /* Products */ = {
			isa = PBXGroup;
			children = (
				D279301C29E3FF18002976D1 /* foodDiary.app */,
				D279302C29E3FF1A002976D1 /* foodDiaryTests.xctest */,
				D279303629E3FF1A002976D1 /* foodDiaryUITests.xctest */,
			);
			name = Products;
			sourceTree = "<group>";
		};
		D279301E29E3FF18002976D1 /* foodDiary */ = {
			isa = PBXGroup;
			children = (
				D279301F29E3FF19002976D1 /* foodDiaryApp.swift */,
				D279302129E3FF19002976D1 /* ContentView.swift */,
				D279304B29E405B9002976D1 /* food.swift */,
				D279304929E40368002976D1 /* foodPage.swift */,
				D279304F29E40CAA002976D1 /* foodRow.swift */,
				D279304D29E4074D002976D1 /* foodView.swift */,
				D279302329E3FF19002976D1 /* Assets.xcassets */,
				D279302529E3FF19002976D1 /* Preview Content */,
			);
			path = foodDiary;
			sourceTree = "<group>";
		};
		D279302529E3FF19002976D1 /* Preview Content */ = {
			isa = PBXGroup;
			children = (
				D279302629E3FF19002976D1 /* Preview Assets.xcassets */,
			);
			path = "Preview Content";
			sourceTree = "<group>";
		};
		D279302F29E3FF1A002976D1 /* foodDiaryTests */ = {
			isa = PBXGroup;
			children = (
				D279303029E3FF1A002976D1 /* foodDiaryTests.swift */,
			);
			path = foodDiaryTests;
			sourceTree = "<group>";
		};
		D279303929E3FF1A002976D1 /* foodDiaryUITests */ = {
			isa = PBXGroup;
			children = (
				D2FD262B29ED6A51007DA701 /* multipleChoice.swift */,
				D2FD262A29ED6A51007DA701 /* question.swift */,
				D2FD262C29ED6A51007DA701 /* questionState.swift */,
				D279303A29E3FF1A002976D1 /* foodDiaryUITests.swift */,
				D279303C29E3FF1A002976D1 /* foodDiaryUITestsLaunchTests.swift */,
			);
			path = foodDiaryUITests;
			sourceTree = "<group>";
		};
/* End PBXGroup section */

/* Begin PBXNativeTarget section */
		D279301B29E3FF18002976D1 /* foodDiary */ = {
			isa = PBXNativeTarget;
			buildConfigurationList = D279304029E3FF1A002976D1 /* Build configuration list for PBXNativeTarget "foodDiary" */;
			buildPhases = (
				D279301829E3FF18002976D1 /* Sources */,
				D279301929E3FF18002976D1 /* Frameworks */,
				D279301A29E3FF18002976D1 /* Resources */,
			);
			buildRules = (
			);
			dependencies = (
			);
			name = foodDiary;
			productName = foodDiary;
			productReference = D279301C29E3FF18002976D1 /* foodDiary.app */;
			productType = "com.apple.product-type.application";
		};
		D279302B29E3FF1A002976D1 /* foodDiaryTests */ = {
			isa = PBXNativeTarget;
			buildConfigurationList = D279304329E3FF1A002976D1 /* Build configuration list for PBXNativeTarget "foodDiaryTests" */;
			buildPhases = (
				D279302829E3FF1A002976D1 /* Sources */,
				D279302929E3FF1A002976D1 /* Frameworks */,
				D279302A29E3FF1A002976D1 /* Resources */,
			);
			buildRules = (
			);
			dependencies = (
				D279302E29E3FF1A002976D1 /* PBXTargetDependency */,
			);
			name = foodDiaryTests;
			productName = foodDiaryTests;
			productReference = D279302C29E3FF1A002976D1 /* foodDiaryTests.xctest */;
			productType = "com.apple.product-type.bundle.unit-test";
		};
		D279303529E3FF1A002976D1 /* foodDiaryUITests */ = {
			isa = PBXNativeTarget;
			buildConfigurationList = D279304629E3FF1A002976D1 /* Build configuration list for PBXNativeTarget "foodDiaryUITests" */;
			buildPhases = (
				D279303229E3FF1A002976D1 /* Sources */,
				D279303329E3FF1A002976D1 /* Frameworks */,
				D279303429E3FF1A002976D1 /* Resources */,
			);
			buildRules = (
			);
			dependencies = (
				D279303829E3FF1A002976D1 /* PBXTargetDependency */,
			);
			name = foodDiaryUITests;
			productName = foodDiaryUITests;
			productReference = D279303629E3FF1A002976D1 /* foodDiaryUITests.xctest */;
			productType = "com.apple.product-type.bundle.ui-testing";
		};
/* End PBXNativeTarget section */

/* Begin PBXProject section */
		D279301429E3FF18002976D1 /* Project object */ = {
			isa = PBXProject;
			attributes = {
				BuildIndependentTargetsInParallel = 1;
				LastSwiftUpdateCheck = 1430;
				LastUpgradeCheck = 1430;
				TargetAttributes = {
					D279301B29E3FF18002976D1 = {
						CreatedOnToolsVersion = 14.3;
					};
					D279302B29E3FF1A002976D1 = {
						CreatedOnToolsVersion = 14.3;
						TestTargetID = D279301B29E3FF18002976D1;
					};
					D279303529E3FF1A002976D1 = {
						CreatedOnToolsVersion = 14.3;
						TestTargetID = D279301B29E3FF18002976D1;
					};
				};
			};
			buildConfigurationList = D279301729E3FF18002976D1 /* Build configuration list for PBXProject "foodDiary" */;
			compatibilityVersion = "Xcode 14.0";
			developmentRegion = en;
			hasScannedForEncodings = 0;
			knownRegions = (
				en,
				Base,
			);
			mainGroup = D279301329E3FF18002976D1;
			productRefGroup = D279301D29E3FF18002976D1 /* Products */;
			projectDirPath = "";
			projectRoot = "";
			targets = (
				D279301B29E3FF18002976D1 /* foodDiary */,
				D279302B29E3FF1A002976D1 /* foodDiaryTests */,
				D279303529E3FF1A002976D1 /* foodDiaryUITests */,
			);
		};
/* End PBXProject section */

/* Begin PBXResourcesBuildPhase section */
		D279301A29E3FF18002976D1 /* Resources */ = {
			isa = PBXResourcesBuildPhase;
			buildActionMask = 2147483647;
			files = (
				D279302729E3FF19002976D1 /* Preview Assets.xcassets in Resources */,
				D279302429E3FF19002976D1 /* Assets.xcassets in Resources */,
				D2F056E029ED3DC5002F5808 /* multipleChoice in Resources */,
			);
			runOnlyForDeploymentPostprocessing = 0;
		};
		D279302A29E3FF1A002976D1 /* Resources */ = {
			isa = PBXResourcesBuildPhase;
			buildActionMask = 2147483647;
			files = (
			);
			runOnlyForDeploymentPostprocessing = 0;
		};
		D279303429E3FF1A002976D1 /* Resources */ = {
			isa = PBXResourcesBuildPhase;
			buildActionMask = 2147483647;
			files = (
			);
			runOnlyForDeploymentPostprocessing = 0;
		};
/* End PBXResourcesBuildPhase section */

/* Begin PBXSourcesBuildPhase section */
		D279301829E3FF18002976D1 /* Sources */ = {
			isa = PBXSourcesBuildPhase;
			buildActionMask = 2147483647;
			files = (
				D279304A29E40368002976D1 /* foodPage.swift in Sources */,
				D279304E29E4074D002976D1 /* foodView.swift in Sources */,
				D279305029E40CAA002976D1 /* foodRow.swift in Sources */,
				D279304C29E405B9002976D1 /* food.swift in Sources */,
				D2FD262F29ED6A51007DA701 /* questionState.swift in Sources */,
				D279302229E3FF19002976D1 /* ContentView.swift in Sources */,
				D279302029E3FF19002976D1 /* foodDiaryApp.swift in Sources */,
				D2FD262E29ED6A51007DA701 /* multipleChoice.swift in Sources */,
				D2FD262D29ED6A51007DA701 /* question.swift in Sources */,
			);
			runOnlyForDeploymentPostprocessing = 0;
		};
		D279302829E3FF1A002976D1 /* Sources */ = {
			isa = PBXSourcesBuildPhase;
			buildActionMask = 2147483647;
			files = (
				D279303129E3FF1A002976D1 /* foodDiaryTests.swift in Sources */,
			);
			runOnlyForDeploymentPostprocessing = 0;
		};
		D279303229E3FF1A002976D1 /* Sources */ = {
			isa = PBXSourcesBuildPhase;
			buildActionMask = 2147483647;
			files = (
				D279303D29E3FF1A002976D1 /* foodDiaryUITestsLaunchTests.swift in Sources */,
				D279303B29E3FF1A002976D1 /* foodDiaryUITests.swift in Sources */,
			);
			runOnlyForDeploymentPostprocessing = 0;
		};
/* End PBXSourcesBuildPhase section */

/* Begin PBXTargetDependency section */
		D279302E29E3FF1A002976D1 /* PBXTargetDependency */ = {
			isa = PBXTargetDependency;
			target = D279301B29E3FF18002976D1 /* foodDiary */;
			targetProxy = D279302D29E3FF1A002976D1 /* PBXContainerItemProxy */;
		};
		D279303829E3FF1A002976D1 /* PBXTargetDependency */ = {
			isa = PBXTargetDependency;
			target = D279301B29E3FF18002976D1 /* foodDiary */;
			targetProxy = D279303729E3FF1A002976D1 /* PBXContainerItemProxy */;
		};
/* End PBXTargetDependency section */

/* Begin XCBuildConfiguration section */
		D279303E29E3FF1A002976D1 /* Debug */ = {
			isa = XCBuildConfiguration;
			buildSettings = {
				ALWAYS_SEARCH_USER_PATHS = NO;
				CLANG_ANALYZER_NONNULL = YES;
				CLANG_ANALYZER_NUMBER_OBJECT_CONVERSION = YES_AGGRESSIVE;
				CLANG_CXX_LANGUAGE_STANDARD = "gnu++20";
				CLANG_ENABLE_MODULES = YES;
				CLANG_ENABLE_OBJC_ARC = YES;
				CLANG_ENABLE_OBJC_WEAK = YES;
				CLANG_WARN_BLOCK_CAPTURE_AUTORELEASING = YES;
				CLANG_WARN_BOOL_CONVERSION = YES;
				CLANG_WARN_COMMA = YES;
				CLANG_WARN_CONSTANT_CONVERSION = YES;
				CLANG_WARN_DEPRECATED_OBJC_IMPLEMENTATIONS = YES;
				CLANG_WARN_DIRECT_OBJC_ISA_USAGE = YES_ERROR;
				CLANG_WARN_DOCUMENTATION_COMMENTS = YES;
				CLANG_WARN_EMPTY_BODY = YES;
				CLANG_WARN_ENUM_CONVERSION = YES;
				CLANG_WARN_INFINITE_RECURSION = YES;
				CLANG_WARN_INT_CONVERSION = YES;
				CLANG_WARN_NON_LITERAL_NULL_CONVERSION = YES;
				CLANG_WARN_OBJC_IMPLICIT_RETAIN_SELF = YES;
				CLANG_WARN_OBJC_LITERAL_CONVERSION = YES;
				CLANG_WARN_OBJC_ROOT_CLASS = YES_ERROR;
				CLANG_WARN_QUOTED_INCLUDE_IN_FRAMEWORK_HEADER = YES;
				CLANG_WARN_RANGE_LOOP_ANALYSIS = YES;
				CLANG_WARN_STRICT_PROTOTYPES = YES;
				CLANG_WARN_SUSPICIOUS_MOVE = YES;
				CLANG_WARN_UNGUARDED_AVAILABILITY = YES_AGGRESSIVE;
				CLANG_WARN_UNREACHABLE_CODE = YES;
				CLANG_WARN__DUPLICATE_METHOD_MATCH = YES;
				COPY_PHASE_STRIP = NO;
				DEBUG_INFORMATION_FORMAT = dwarf;
				ENABLE_STRICT_OBJC_MSGSEND = YES;
				ENABLE_TESTABILITY = YES;
				GCC_C_LANGUAGE_STANDARD = gnu11;
				GCC_DYNAMIC_NO_PIC = NO;
				GCC_NO_COMMON_BLOCKS = YES;
				GCC_OPTIMIZATION_LEVEL = 0;
				GCC_PREPROCESSOR_DEFINITIONS = (
					"DEBUG=1",
					"$(inherited)",
				);
				GCC_WARN_64_TO_32_BIT_CONVERSION = YES;
				GCC_WARN_ABOUT_RETURN_TYPE = YES_ERROR;
				GCC_WARN_UNDECLARED_SELECTOR = YES;
				GCC_WARN_UNINITIALIZED_AUTOS = YES_AGGRESSIVE;
				GCC_WARN_UNUSED_FUNCTION = YES;
				GCC_WARN_UNUSED_VARIABLE = YES;
				IPHONEOS_DEPLOYMENT_TARGET = 16.4;
				MTL_ENABLE_DEBUG_INFO = INCLUDE_SOURCE;
				MTL_FAST_MATH = YES;
				ONLY_ACTIVE_ARCH = YES;
				SDKROOT = iphoneos;
				SWIFT_ACTIVE_COMPILATION_CONDITIONS = DEBUG;
				SWIFT_OPTIMIZATION_LEVEL = "-Onone";
			};
			name = Debug;
		};
		D279303F29E3FF1A002976D1 /* Release */ = {
			isa = XCBuildConfiguration;
			buildSettings = {
				ALWAYS_SEARCH_USER_PATHS = NO;
				CLANG_ANALYZER_NONNULL = YES;
				CLANG_ANALYZER_NUMBER_OBJECT_CONVERSION = YES_AGGRESSIVE;
				CLANG_CXX_LANGUAGE_STANDARD = "gnu++20";
				CLANG_ENABLE_MODULES = YES;
				CLANG_ENABLE_OBJC_ARC = YES;
				CLANG_ENABLE_OBJC_WEAK = YES;
				CLANG_WARN_BLOCK_CAPTURE_AUTORELEASING = YES;
				CLANG_WARN_BOOL_CONVERSION = YES;
				CLANG_WARN_COMMA = YES;
				CLANG_WARN_CONSTANT_CONVERSION = YES;
				CLANG_WARN_DEPRECATED_OBJC_IMPLEMENTATIONS = YES;
				CLANG_WARN_DIRECT_OBJC_ISA_USAGE = YES_ERROR;
				CLANG_WARN_DOCUMENTATION_COMMENTS = YES;
				CLANG_WARN_EMPTY_BODY = YES;
				CLANG_WARN_ENUM_CONVERSION = YES;
				CLANG_WARN_INFINITE_RECURSION = YES;
				CLANG_WARN_INT_CONVERSION = YES;
				CLANG_WARN_NON_LITERAL_NULL_CONVERSION = YES;
				CLANG_WARN_OBJC_IMPLICIT_RETAIN_SELF = YES;
				CLANG_WARN_OBJC_LITERAL_CONVERSION = YES;
				CLANG_WARN_OBJC_ROOT_CLASS = YES_ERROR;
				CLANG_WARN_QUOTED_INCLUDE_IN_FRAMEWORK_HEADER = YES;
				CLANG_WARN_RANGE_LOOP_ANALYSIS = YES;
				CLANG_WARN_STRICT_PROTOTYPES = YES;
				CLANG_WARN_SUSPICIOUS_MOVE = YES;
				CLANG_WARN_UNGUARDED_AVAILABILITY = YES_AGGRESSIVE;
				CLANG_WARN_UNREACHABLE_CODE = YES;
				CLANG_WARN__DUPLICATE_METHOD_MATCH = YES;
				COPY_PHASE_STRIP = NO;
				DEBUG_INFORMATION_FORMAT = "dwarf-with-dsym";
				ENABLE_NS_ASSERTIONS = NO;
				ENABLE_STRICT_OBJC_MSGSEND = YES;
				GCC_C_LANGUAGE_STANDARD = gnu11;
				GCC_NO_COMMON_BLOCKS = YES;
				GCC_WARN_64_TO_32_BIT_CONVERSION = YES;
				GCC_WARN_ABOUT_RETURN_TYPE = YES_ERROR;
				GCC_WARN_UNDECLARED_SELECTOR = YES;
				GCC_WARN_UNINITIALIZED_AUTOS = YES_AGGRESSIVE;
				GCC_WARN_UNUSED_FUNCTION = YES;
				GCC_WARN_UNUSED_VARIABLE = YES;
				IPHONEOS_DEPLOYMENT_TARGET = 16.4;
				MTL_ENABLE_DEBUG_INFO = NO;
				MTL_FAST_MATH = YES;
				SDKROOT = iphoneos;
				SWIFT_COMPILATION_MODE = wholemodule;
				SWIFT_OPTIMIZATION_LEVEL = "-O";
				VALIDATE_PRODUCT = YES;
			};
			name = Release;
		};
		D279304129E3FF1A002976D1 /* Debug */ = {
			isa = XCBuildConfiguration;
			buildSettings = {
				ASSETCATALOG_COMPILER_APPICON_NAME = AppIcon;
				ASSETCATALOG_COMPILER_GLOBAL_ACCENT_COLOR_NAME = AccentColor;
				CODE_SIGN_STYLE = Automatic;
				CURRENT_PROJECT_VERSION = 1;
				DEVELOPMENT_ASSET_PATHS = "\"foodDiary/Preview Content\"";
				ENABLE_PREVIEWS = YES;
				GENERATE_INFOPLIST_FILE = YES;
				INFOPLIST_KEY_UIApplicationSceneManifest_Generation = YES;
				INFOPLIST_KEY_UIApplicationSupportsIndirectInputEvents = YES;
				INFOPLIST_KEY_UILaunchScreen_Generation = YES;
				INFOPLIST_KEY_UISupportedInterfaceOrientations_iPad = "UIInterfaceOrientationPortrait UIInterfaceOrientationPortraitUpsideDown UIInterfaceOrientationLandscapeLeft UIInterfaceOrientationLandscapeRight";
				INFOPLIST_KEY_UISupportedInterfaceOrientations_iPhone = "UIInterfaceOrientationPortrait UIInterfaceOrientationLandscapeLeft UIInterfaceOrientationLandscapeRight";
				LD_RUNPATH_SEARCH_PATHS = (
					"$(inherited)",
					"@executable_path/Frameworks",
				);
				MARKETING_VERSION = 1.0;
				PRODUCT_BUNDLE_IDENTIFIER = ken.foodDiary;
				PRODUCT_NAME = "$(TARGET_NAME)";
				SWIFT_EMIT_LOC_STRINGS = YES;
				SWIFT_VERSION = 5.0;
				TARGETED_DEVICE_FAMILY = "1,2";
			};
			name = Debug;
		};
		D279304229E3FF1A002976D1 /* Release */ = {
			isa = XCBuildConfiguration;
			buildSettings = {
				ASSETCATALOG_COMPILER_APPICON_NAME = AppIcon;
				ASSETCATALOG_COMPILER_GLOBAL_ACCENT_COLOR_NAME = AccentColor;
				CODE_SIGN_STYLE = Automatic;
				CURRENT_PROJECT_VERSION = 1;
				DEVELOPMENT_ASSET_PATHS = "\"foodDiary/Preview Content\"";
				ENABLE_PREVIEWS = YES;
				GENERATE_INFOPLIST_FILE = YES;
				INFOPLIST_KEY_UIApplicationSceneManifest_Generation = YES;
				INFOPLIST_KEY_UIApplicationSupportsIndirectInputEvents = YES;
				INFOPLIST_KEY_UILaunchScreen_Generation = YES;
				INFOPLIST_KEY_UISupportedInterfaceOrientations_iPad = "UIInterfaceOrientationPortrait UIInterfaceOrientationPortraitUpsideDown UIInterfaceOrientationLandscapeLeft UIInterfaceOrientationLandscapeRight";
				INFOPLIST_KEY_UISupportedInterfaceOrientations_iPhone = "UIInterfaceOrientationPortrait UIInterfaceOrientationLandscapeLeft UIInterfaceOrientationLandscapeRight";
				LD_RUNPATH_SEARCH_PATHS = (
					"$(inherited)",
					"@executable_path/Frameworks",
				);
				MARKETING_VERSION = 1.0;
				PRODUCT_BUNDLE_IDENTIFIER = ken.foodDiary;
				PRODUCT_NAME = "$(TARGET_NAME)";
				SWIFT_EMIT_LOC_STRINGS = YES;
				SWIFT_VERSION = 5.0;
				TARGETED_DEVICE_FAMILY = "1,2";
			};
			name = Release;
		};
		D279304429E3FF1A002976D1 /* Debug */ = {
			isa = XCBuildConfiguration;
			buildSettings = {
				ALWAYS_EMBED_SWIFT_STANDARD_LIBRARIES = YES;
				BUNDLE_LOADER = "$(TEST_HOST)";
				CODE_SIGN_STYLE = Automatic;
				CURRENT_PROJECT_VERSION = 1;
				GENERATE_INFOPLIST_FILE = YES;
				IPHONEOS_DEPLOYMENT_TARGET = 16.4;
				MARKETING_VERSION = 1.0;
				PRODUCT_BUNDLE_IDENTIFIER = ken.foodDiaryTests;
				PRODUCT_NAME = "$(TARGET_NAME)";
				SWIFT_EMIT_LOC_STRINGS = NO;
				SWIFT_VERSION = 5.0;
				TARGETED_DEVICE_FAMILY = "1,2";
				TEST_HOST = "$(BUILT_PRODUCTS_DIR)/foodDiary.app/$(BUNDLE_EXECUTABLE_FOLDER_PATH)/foodDiary";
			};
			name = Debug;
		};
		D279304529E3FF1A002976D1 /* Release */ = {
			isa = XCBuildConfiguration;
			buildSettings = {
				ALWAYS_EMBED_SWIFT_STANDARD_LIBRARIES = YES;
				BUNDLE_LOADER = "$(TEST_HOST)";
				CODE_SIGN_STYLE = Automatic;
				CURRENT_PROJECT_VERSION = 1;
				GENERATE_INFOPLIST_FILE = YES;
				IPHONEOS_DEPLOYMENT_TARGET = 16.4;
				MARKETING_VERSION = 1.0;
				PRODUCT_BUNDLE_IDENTIFIER = ken.foodDiaryTests;
				PRODUCT_NAME = "$(TARGET_NAME)";
				SWIFT_EMIT_LOC_STRINGS = NO;
				SWIFT_VERSION = 5.0;
				TARGETED_DEVICE_FAMILY = "1,2";
				TEST_HOST = "$(BUILT_PRODUCTS_DIR)/foodDiary.app/$(BUNDLE_EXECUTABLE_FOLDER_PATH)/foodDiary";
			};
			name = Release;
		};
		D279304729E3FF1A002976D1 /* Debug */ = {
			isa = XCBuildConfiguration;
			buildSettings = {
				ALWAYS_EMBED_SWIFT_STANDARD_LIBRARIES = YES;
				CODE_SIGN_STYLE = Automatic;
				CURRENT_PROJECT_VERSION = 1;
				GENERATE_INFOPLIST_FILE = YES;
				MARKETING_VERSION = 1.0;
				PRODUCT_BUNDLE_IDENTIFIER = ken.foodDiaryUITests;
				PRODUCT_NAME = "$(TARGET_NAME)";
				SWIFT_EMIT_LOC_STRINGS = NO;
				SWIFT_VERSION = 5.0;
				TARGETED_DEVICE_FAMILY = "1,2";
				TEST_TARGET_NAME = foodDiary;
			};
			name = Debug;
		};
		D279304829E3FF1A002976D1 /* Release */ = {
			isa = XCBuildConfiguration;
			buildSettings = {
				ALWAYS_EMBED_SWIFT_STANDARD_LIBRARIES = YES;
				CODE_SIGN_STYLE = Automatic;
				CURRENT_PROJECT_VERSION = 1;
				GENERATE_INFOPLIST_FILE = YES;
				MARKETING_VERSION = 1.0;
				PRODUCT_BUNDLE_IDENTIFIER = ken.foodDiaryUITests;
				PRODUCT_NAME = "$(TARGET_NAME)";
				SWIFT_EMIT_LOC_STRINGS = NO;
				SWIFT_VERSION = 5.0;
				TARGETED_DEVICE_FAMILY = "1,2";
				TEST_TARGET_NAME = foodDiary;
			};
			name = Release;
		};
/* End XCBuildConfiguration section */

/* Begin XCConfigurationList section */
		D279301729E3FF18002976D1 /* Build configuration list for PBXProject "foodDiary" */ = {
			isa = XCConfigurationList;
			buildConfigurations = (
				D279303E29E3FF1A002976D1 /* Debug */,
				D279303F29E3FF1A002976D1 /* Release */,
			);
			defaultConfigurationIsVisible = 0;
			defaultConfigurationName = Release;
		};
		D279304029E3FF1A002976D1 /* Build configuration list for PBXNativeTarget "foodDiary" */ = {
			isa = XCConfigurationList;
			buildConfigurations = (
				D279304129E3FF1A002976D1 /* Debug */,
				D279304229E3FF1A002976D1 /* Release */,
			);
			defaultConfigurationIsVisible = 0;
			defaultConfigurationName = Release;
		};
		D279304329E3FF1A002976D1 /* Build configuration list for PBXNativeTarget "foodDiaryTests" */ = {
			isa = XCConfigurationList;
			buildConfigurations = (
				D279304429E3FF1A002976D1 /* Debug */,
				D279304529E3FF1A002976D1 /* Release */,
			);
			defaultConfigurationIsVisible = 0;
			defaultConfigurationName = Release;
		};
		D279304629E3FF1A002976D1 /* Build configuration list for PBXNativeTarget "foodDiaryUITests" */ = {
			isa = XCConfigurationList;
			buildConfigurations = (
				D279304729E3FF1A002976D1 /* Debug */,
				D279304829E3FF1A002976D1 /* Release */,
			);
			defaultConfigurationIsVisible = 0;
			defaultConfigurationName = Release;
		};
/* End XCConfigurationList section */
	};
	rootObject = D279301429E3FF18002976D1 /* Project object */;
}
